{
  "dependencies": {
    "bluebird": {
      "version": "2.11.0",
      "resolved": "https://registry.npmjs.org/bluebird/-/bluebird-2.11.0.tgz",
      "from": "bluebird@>=2.9.6 <3.0.0"
    },
    "lodash": {
      "version": "3.10.1",
      "resolved": "https://registry.npmjs.org/lodash/-/lodash-3.10.1.tgz",
      "from": "lodash@>=3.1.0 <4.0.0"
    },
    "qs": {
      "version": "2.4.2",
      "resolved": "https://registry.npmjs.org/qs/-/qs-2.4.2.tgz",
      "from": "qs@>=2.4.1 <3.0.0"
    },
    "stripe": {
      "version": "4.4.0",
      "resolved": "https://registry.npmjs.org/stripe/-/stripe-4.4.0.tgz",
      "from": "stripe@4.4.0"
    }
  }
}
